
Microsoft Visual Studio Solution File, Format Version 12.00
# Visual Studio Version 17
VisualStudioVersion = 17.5.33424.131
MinimumVisualStudioVersion = 10.0.40219.1
Project("{9A19103F-16F7-4668-BE54-9A1E7A4F7556}") = "WebApiEntityFrameworkDockerSqlServer", "WebApiEntityFrameworkDockerSqlServer.csproj", "{185CDAB1-6670-4446-B7CE-B9DD08AACA33}"
EndProject
Global
	GlobalSection(SolutionConfigurationPlatforms) = preSolution
		Debug|Any CPU = Debug|Any CPU
		Release|Any CPU = Release|Any CPU
	EndGlobalSection
	GlobalSection(ProjectConfigurationPlatforms) = postSolution
		{185CDAB1-6670-4446-B7CE-B9DD08AACA33}.Debug|Any CPU.ActiveCfg = Debug|Any CPU
		{185CDAB1-6670-4446-B7CE-B9DD08AACA33}.Debug|Any CPU.Build.0 = Debug|Any CPU
		{185CDAB1-6670-4446-B7CE-B9DD08AACA33}.Release|Any CPU.ActiveCfg = Release|Any CPU
		{185CDAB1-6670-4446-B7CE-B9DD08AACA33}.Release|Any CPU.Build.0 = Release|Any CPU
	EndGlobalSection
	GlobalSection(SolutionProperties) = preSolution
		HideSolutionNode = FALSE
	EndGlobalSection
	GlobalSection(ExtensibilityGlobals) = postSolution
		SolutionGuid = {24EE4021-CCC7-4321-921F-B7DA1712D03A}
	EndGlobalSection
EndGlobal
